
Microsoft Visual Studio Solution File, Format Version 12.00
# Visual Studio Version 17
VisualStudioVersion = 17.13.35806.99
MinimumVisualStudioVersion = 10.0.40219.1
Project("{FAE04EC0-301F-11D3-BF4B-00C04F79EFBC}") = "SampleApp", "src\SampleApp\SampleApp.csproj", "{D72EA8C7-94A0-BB93-B875-3A7BE3B34A0E}"
EndProject
Global
	GlobalSection(SolutionConfigurationPlatforms) = preSolution
		Debug|Any CPU = Debug|Any CPU
		Release|Any CPU = Release|Any CPU
	EndGlobalSection
	GlobalSection(ProjectConfigurationPlatforms) = postSolution
		{D72EA8C7-94A0-BB93-B875-3A7BE3B34A0E}.Debug|Any CPU.ActiveCfg = Debug|Any CPU
		{D72EA8C7-94A0-BB93-B875-3A7BE3B34A0E}.Debug|Any CPU.Build.0 = Debug|Any CPU
		{D72EA8C7-94A0-BB93-B875-3A7BE3B34A0E}.Release|Any CPU.ActiveCfg = Release|Any CPU
		{D72EA8C7-94A0-BB93-B875-3A7BE3B34A0E}.Release|Any CPU.Build.0 = Release|Any CPU
	EndGlobalSection
	GlobalSection(SolutionProperties) = preSolution
		HideSolutionNode = FALSE
	EndGlobalSection
	GlobalSection(ExtensibilityGlobals) = postSolution
		SolutionGuid = {678D2755-5A11-4D0D-B1F0-315B33D7D473}
	EndGlobalSection
EndGlobal
